// !$*UTF8*$!
{
	archiveVersion = 1;
	classes = {
	};
	objectVersion = 56;
	objects = {

/* Begin PBXBuildFile section */
		CF67E9592BB0950C00477AFE /* WeatherAppApp.swift in Sources */ = {isa = PBXBuildFile; fileRef = CF67E9582BB0950C00477AFE /* WeatherAppApp.swift */; };
		CF67E95B2BB0950C00477AFE /* ContentView.swift in Sources */ = {isa = PBXBuildFile; fileRef = CF67E95A2BB0950C00477AFE /* ContentView.swift */; };
		CF67E95D2BB0950E00477AFE /* Assets.xcassets in Resources */ = {isa = PBXBuildFile; fileRef = CF67E95C2BB0950E00477AFE /* Assets.xcassets */; };
		CF67E9602BB0950E00477AFE /* Preview Assets.xcassets in Resources */ = {isa = PBXBuildFile; fileRef = CF67E95F2BB0950E00477AFE /* Preview Assets.xcassets */; };
		CF67E96A2BB0950E00477AFE /* WeatherAppTests.swift in Sources */ = {isa = PBXBuildFile; fileRef = CF67E9692BB0950E00477AFE /* WeatherAppTests.swift */; };
		CF67E9742BB0950E00477AFE /* WeatherAppUITests.swift in Sources */ = {isa = PBXBuildFile; fileRef = CF67E9732BB0950E00477AFE /* WeatherAppUITests.swift */; };
		CF67E9762BB0950E00477AFE /* WeatherAppUITestsLaunchTests.swift in Sources */ = {isa = PBXBuildFile; fileRef = CF67E9752BB0950E00477AFE /* WeatherAppUITestsLaunchTests.swift */; };
		CF67E9842BB095D500477AFE /* LocationManager.swift in Sources */ = {isa = PBXBuildFile; fileRef = CF67E9832BB095D500477AFE /* LocationManager.swift */; };
		CF67E9872BB09A6300477AFE /* WelcomeView.swift in Sources */ = {isa = PBXBuildFile; fileRef = CF67E9862BB09A6300477AFE /* WelcomeView.swift */; };
		CF67E9892BB0A35D00477AFE /* LoadingView.swift in Sources */ = {isa = PBXBuildFile; fileRef = CF67E9882BB0A35D00477AFE /* LoadingView.swift */; };
		CF67E98B2BB0A62600477AFE /* WeatherManager.swift in Sources */ = {isa = PBXBuildFile; fileRef = CF67E98A2BB0A62500477AFE /* WeatherManager.swift */; };
		CF67E98D2BB0B0C600477AFE /* WeatherView.swift in Sources */ = {isa = PBXBuildFile; fileRef = CF67E98C2BB0B0C600477AFE /* WeatherView.swift */; };
		CF67E98F2BB0B12700477AFE /* ModelData.swift in Sources */ = {isa = PBXBuildFile; fileRef = CF67E98E2BB0B12700477AFE /* ModelData.swift */; };
		CF67E9912BB0B1E100477AFE /* weatherData.json in Resources */ = {isa = PBXBuildFile; fileRef = CF67E9902BB0B1E100477AFE /* weatherData.json */; };
		CF67E9932BB0B40B00477AFE /* Extensions.swift in Sources */ = {isa = PBXBuildFile; fileRef = CF67E9922BB0B40B00477AFE /* Extensions.swift */; };
		CF67E9962BB0BBE000477AFE /* WeatherRow.swift in Sources */ = {isa = PBXBuildFile; fileRef = CF67E9952BB0BBE000477AFE /* WeatherRow.swift */; };
/* End PBXBuildFile section */

/* Begin PBXContainerItemProxy section */
		CF67E9662BB0950E00477AFE /* PBXContainerItemProxy */ = {
			isa = PBXContainerItemProxy;
			containerPortal = CF67E94D2BB0950C00477AFE /* Project object */;
			proxyType = 1;
			remoteGlobalIDString = CF67E9542BB0950C00477AFE;
			remoteInfo = WeatherApp;
		};
		CF67E9702BB0950E00477AFE /* PBXContainerItemProxy */ = {
			isa = PBXContainerItemProxy;
			containerPortal = CF67E94D2BB0950C00477AFE /* Project object */;
			proxyType = 1;
			remoteGlobalIDString = CF67E9542BB0950C00477AFE;
			remoteInfo = WeatherApp;
		};
/* End PBXContainerItemProxy section */

/* Begin PBXFileReference section */
		CF67E9552BB0950C00477AFE /* WeatherApp.app */ = {isa = PBXFileReference; explicitFileType = wrapper.application; includeInIndex = 0; path = WeatherApp.app; sourceTree = BUILT_PRODUCTS_DIR; };
		CF67E9582BB0950C00477AFE /* WeatherAppApp.swift */ = {isa = PBXFileReference; lastKnownFileType = sourcecode.swift; path = WeatherAppApp.swift; sourceTree = "<group>"; };
		CF67E95A2BB0950C00477AFE /* ContentView.swift */ = {isa = PBXFileReference; lastKnownFileType = sourcecode.swift; path = ContentView.swift; sourceTree = "<group>"; };
		CF67E95C2BB0950E00477AFE /* Assets.xcassets */ = {isa = PBXFileReference; lastKnownFileType = folder.assetcatalog; path = Assets.xcassets; sourceTree = "<group>"; };
		CF67E95F2BB0950E00477AFE /* Preview Assets.xcassets */ = {isa = PBXFileReference; lastKnownFileType = folder.assetcatalog; path = "Preview Assets.xcassets"; sourceTree = "<group>"; };
		CF67E9652BB0950E00477AFE /* WeatherAppTests.xctest */ = {isa = PBXFileReference; explicitFileType = wrapper.cfbundle; includeInIndex = 0; path = WeatherAppTests.xctest; sourceTree = BUILT_PRODUCTS_DIR; };
		CF67E9692BB0950E00477AFE /* WeatherAppTests.swift */ = {isa = PBXFileReference; lastKnownFileType = sourcecode.swift; path = WeatherAppTests.swift; sourceTree = "<group>"; };
		CF67E96F2BB0950E00477AFE /* WeatherAppUITests.xctest */ = {isa = PBXFileReference; explicitFileType = wrapper.cfbundle; includeInIndex = 0; path = WeatherAppUITests.xctest; sourceTree = BUILT_PRODUCTS_DIR; };
		CF67E9732BB0950E00477AFE /* WeatherAppUITests.swift */ = {isa = PBXFileReference; lastKnownFileType = sourcecode.swift; path = WeatherAppUITests.swift; sourceTree = "<group>"; };
		CF67E9752BB0950E00477AFE /* WeatherAppUITestsLaunchTests.swift */ = {isa = PBXFileReference; lastKnownFileType = sourcecode.swift; path = WeatherAppUITestsLaunchTests.swift; sourceTree = "<group>"; };
		CF67E9832BB095D500477AFE /* LocationManager.swift */ = {isa = PBXFileReference; lastKnownFileType = sourcecode.swift; path = LocationManager.swift; sourceTree = "<group>"; };
		CF67E9862BB09A6300477AFE /* WelcomeView.swift */ = {isa = PBXFileReference; lastKnownFileType = sourcecode.swift; path = WelcomeView.swift; sourceTree = "<group>"; };
		CF67E9882BB0A35D00477AFE /* LoadingView.swift */ = {isa = PBXFileReference; lastKnownFileType = sourcecode.swift; path = LoadingView.swift; sourceTree = "<group>"; };
		CF67E98A2BB0A62500477AFE /* WeatherManager.swift */ = {isa = PBXFileReference; lastKnownFileType = sourcecode.swift; path = WeatherManager.swift; sourceTree = "<group>"; };
		CF67E98C2BB0B0C600477AFE /* WeatherView.swift */ = {isa = PBXFileReference; lastKnownFileType = sourcecode.swift; path = WeatherView.swift; sourceTree = "<group>"; };
		CF67E98E2BB0B12700477AFE /* ModelData.swift */ = {isa = PBXFileReference; lastKnownFileType = sourcecode.swift; path = ModelData.swift; sourceTree = "<group>"; };
		CF67E9902BB0B1E100477AFE /* weatherData.json */ = {isa = PBXFileReference; lastKnownFileType = text.json; path = weatherData.json; sourceTree = "<group>"; };
		CF67E9922BB0B40B00477AFE /* Extensions.swift */ = {isa = PBXFileReference; lastKnownFileType = sourcecode.swift; path = Extensions.swift; sourceTree = "<group>"; };
		CF67E9952BB0BBE000477AFE /* WeatherRow.swift */ = {isa = PBXFileReference; lastKnownFileType = sourcecode.swift; path = WeatherRow.swift; sourceTree = "<group>"; };
/* End PBXFileReference section */

/* Begin PBXFrameworksBuildPhase section */
		CF67E9522BB0950C00477AFE /* Frameworks */ = {
			isa = PBXFrameworksBuildPhase;
			buildActionMask = 2147483647;
			files = (
			);
			runOnlyForDeploymentPostprocessing = 0;
		};
		CF67E9622BB0950E00477AFE /* Frameworks */ = {
			isa = PBXFrameworksBuildPhase;
			buildActionMask = 2147483647;
			files = (
			);
			runOnlyForDeploymentPostprocessing = 0;
		};
		CF67E96C2BB0950E00477AFE /* Frameworks */ = {
			isa = PBXFrameworksBuildPhase;
			buildActionMask = 2147483647;
			files = (
			);
			runOnlyForDeploymentPostprocessing = 0;
		};
/* End PBXFrameworksBuildPhase section */

/* Begin PBXGroup section */
		CF67E94C2BB0950C00477AFE = {
			isa = PBXGroup;
			children = (
				CF67E9572BB0950C00477AFE /* WeatherApp */,
				CF67E9682BB0950E00477AFE /* WeatherAppTests */,
				CF67E9722BB0950E00477AFE /* WeatherAppUITests */,
				CF67E9562BB0950C00477AFE /* Products */,
			);
			sourceTree = "<group>";
		};
		CF67E9562BB0950C00477AFE /* Products */ = {
			isa = PBXGroup;
			children = (
				CF67E9552BB0950C00477AFE /* WeatherApp.app */,
				CF67E9652BB0950E00477AFE /* WeatherAppTests.xctest */,
				CF67E96F2BB0950E00477AFE /* WeatherAppUITests.xctest */,
			);
			name = Products;
			sourceTree = "<group>";
		};
		CF67E9572BB0950C00477AFE /* WeatherApp */ = {
			isa = PBXGroup;
			children = (
				CF67E9942BB0BBCF00477AFE /* Components */,
				CF67E9582BB0950C00477AFE /* WeatherAppApp.swift */,
				CF67E95A2BB0950C00477AFE /* ContentView.swift */,
				CF67E9852BB097CF00477AFE /* Views */,
				CF67E9822BB095AC00477AFE /* Managers */,
				CF67E95C2BB0950E00477AFE /* Assets.xcassets */,
				CF67E95E2BB0950E00477AFE /* Preview Content */,
				CF67E9862BB09A6300477AFE /* WelcomeView.swift */,
				CF67E9882BB0A35D00477AFE /* LoadingView.swift */,
				CF67E98C2BB0B0C600477AFE /* WeatherView.swift */,
				CF67E9922BB0B40B00477AFE /* Extensions.swift */,
			);
			path = WeatherApp;
			sourceTree = "<group>";
		};
		CF67E95E2BB0950E00477AFE /* Preview Content */ = {
			isa = PBXGroup;
			children = (
				CF67E95F2BB0950E00477AFE /* Preview Assets.xcassets */,
				CF67E98E2BB0B12700477AFE /* ModelData.swift */,
				CF67E9902BB0B1E100477AFE /* weatherData.json */,
			);
			path = "Preview Content";
			sourceTree = "<group>";
		};
		CF67E9682BB0950E00477AFE /* WeatherAppTests */ = {
			isa = PBXGroup;
			children = (
				CF67E9692BB0950E00477AFE /* WeatherAppTests.swift */,
			);
			path = WeatherAppTests;
			sourceTree = "<group>";
		};
		CF67E9722BB0950E00477AFE /* WeatherAppUITests */ = {
			isa = PBXGroup;
			children = (
				CF67E9732BB0950E00477AFE /* WeatherAppUITests.swift */,
				CF67E9752BB0950E00477AFE /* WeatherAppUITestsLaunchTests.swift */,
			);
			path = WeatherAppUITests;
			sourceTree = "<group>";
		};
		CF67E9822BB095AC00477AFE /* Managers */ = {
			isa = PBXGroup;
			children = (
				CF67E9832BB095D500477AFE /* LocationManager.swift */,
				CF67E98A2BB0A62500477AFE /* WeatherManager.swift */,
			);
			path = Managers;
			sourceTree = "<group>";
		};
		CF67E9852BB097CF00477AFE /* Views */ = {
			isa = PBXGroup;
			children = (
			);
			path = Views;
			sourceTree = "<group>";
		};
		CF67E9942BB0BBCF00477AFE /* Components */ = {
			isa = PBXGroup;
			children = (
				CF67E9952BB0BBE000477AFE /* WeatherRow.swift */,
			);
			path = Components;
			sourceTree = "<group>";
		};
/* End PBXGroup section */

/* Begin PBXNativeTarget section */
		CF67E9542BB0950C00477AFE /* WeatherApp */ = {
			isa = PBXNativeTarget;
			buildConfigurationList = CF67E9792BB0950E00477AFE /* Build configuration list for PBXNativeTarget "WeatherApp" */;
			buildPhases = (
				CF67E9512BB0950C00477AFE /* Sources */,
				CF67E9522BB0950C00477AFE /* Frameworks */,
				CF67E9532BB0950C00477AFE /* Resources */,
			);
			buildRules = (
			);
			dependencies = (
			);
			name = WeatherApp;
			productName = WeatherApp;
			productReference = CF67E9552BB0950C00477AFE /* WeatherApp.app */;
			productType = "com.apple.product-type.application";
		};
		CF67E9642BB0950E00477AFE /* WeatherAppTests */ = {
			isa = PBXNativeTarget;
			buildConfigurationList = CF67E97C2BB0950E00477AFE /* Build configuration list for PBXNativeTarget "WeatherAppTests" */;
			buildPhases = (
				CF67E9612BB0950E00477AFE /* Sources */,
				CF67E9622BB0950E00477AFE /* Frameworks */,
				CF67E9632BB0950E00477AFE /* Resources */,
			);
			buildRules = (
			);
			dependencies = (
				CF67E9672BB0950E00477AFE /* PBXTargetDependency */,
			);
			name = WeatherAppTests;
			productName = WeatherAppTests;
			productReference = CF67E9652BB0950E00477AFE /* WeatherAppTests.xctest */;
			productType = "com.apple.product-type.bundle.unit-test";
		};
		CF67E96E2BB0950E00477AFE /* WeatherAppUITests */ = {
			isa = PBXNativeTarget;
			buildConfigurationList = CF67E97F2BB0950E00477AFE /* Build configuration list for PBXNativeTarget "WeatherAppUITests" */;
			buildPhases = (
				CF67E96B2BB0950E00477AFE /* Sources */,
				CF67E96C2BB0950E00477AFE /* Frameworks */,
				CF67E96D2BB0950E00477AFE /* Resources */,
			);
			buildRules = (
			);
			dependencies = (
				CF67E9712BB0950E00477AFE /* PBXTargetDependency */,
			);
			name = WeatherAppUITests;
			productName = WeatherAppUITests;
			productReference = CF67E96F2BB0950E00477AFE /* WeatherAppUITests.xctest */;
			productType = "com.apple.product-type.bundle.ui-testing";
		};
/* End PBXNativeTarget section */

/* Begin PBXProject section */
		CF67E94D2BB0950C00477AFE /* Project object */ = {
			isa = PBXProject;
			attributes = {
				BuildIndependentTargetsInParallel = 1;
				LastSwiftUpdateCheck = 1530;
				LastUpgradeCheck = 1530;
				TargetAttributes = {
					CF67E9542BB0950C00477AFE = {
						CreatedOnToolsVersion = 15.3;
					};
					CF67E9642BB0950E00477AFE = {
						CreatedOnToolsVersion = 15.3;
						TestTargetID = CF67E9542BB0950C00477AFE;
					};
					CF67E96E2BB0950E00477AFE = {
						CreatedOnToolsVersion = 15.3;
						TestTargetID = CF67E9542BB0950C00477AFE;
					};
				};
			};
			buildConfigurationList = CF67E9502BB0950C00477AFE /* Build configuration list for PBXProject "WeatherApp" */;
			compatibilityVersion = "Xcode 14.0";
			developmentRegion = en;
			hasScannedForEncodings = 0;
			knownRegions = (
				en,
				Base,
			);
			mainGroup = CF67E94C2BB0950C00477AFE;
			productRefGroup = CF67E9562BB0950C00477AFE /* Products */;
			projectDirPath = "";
			projectRoot = "";
			targets = (
				CF67E9542BB0950C00477AFE /* WeatherApp */,
				CF67E9642BB0950E00477AFE /* WeatherAppTests */,
				CF67E96E2BB0950E00477AFE /* WeatherAppUITests */,
			);
		};
/* End PBXProject section */

/* Begin PBXResourcesBuildPhase section */
		CF67E9532BB0950C00477AFE /* Resources */ = {
			isa = PBXResourcesBuildPhase;
			buildActionMask = 2147483647;
			files = (
				CF67E9602BB0950E00477AFE /* Preview Assets.xcassets in Resources */,
				CF67E9912BB0B1E100477AFE /* weatherData.json in Resources */,
				CF67E95D2BB0950E00477AFE /* Assets.xcassets in Resources */,
			);
			runOnlyForDeploymentPostprocessing = 0;
		};
		CF67E9632BB0950E00477AFE /* Resources */ = {
			isa = PBXResourcesBuildPhase;
			buildActionMask = 2147483647;
			files = (
			);
			runOnlyForDeploymentPostprocessing = 0;
		};
		CF67E96D2BB0950E00477AFE /* Resources */ = {
			isa = PBXResourcesBuildPhase;
			buildActionMask = 2147483647;
			files = (
			);
			runOnlyForDeploymentPostprocessing = 0;
		};
/* End PBXResourcesBuildPhase section */

/* Begin PBXSourcesBuildPhase section */
		CF67E9512BB0950C00477AFE /* Sources */ = {
			isa = PBXSourcesBuildPhase;
			buildActionMask = 2147483647;
			files = (
				CF67E98B2BB0A62600477AFE /* WeatherManager.swift in Sources */,
				CF67E9932BB0B40B00477AFE /* Extensions.swift in Sources */,
				CF67E95B2BB0950C00477AFE /* ContentView.swift in Sources */,
				CF67E9592BB0950C00477AFE /* WeatherAppApp.swift in Sources */,
				CF67E9842BB095D500477AFE /* LocationManager.swift in Sources */,
				CF67E9962BB0BBE000477AFE /* WeatherRow.swift in Sources */,
				CF67E9892BB0A35D00477AFE /* LoadingView.swift in Sources */,
				CF67E98F2BB0B12700477AFE /* ModelData.swift in Sources */,
				CF67E98D2BB0B0C600477AFE /* WeatherView.swift in Sources */,
				CF67E9872BB09A6300477AFE /* WelcomeView.swift in Sources */,
			);
			runOnlyForDeploymentPostprocessing = 0;
		};
		CF67E9612BB0950E00477AFE /* Sources */ = {
			isa = PBXSourcesBuildPhase;
			buildActionMask = 2147483647;
			files = (
				CF67E96A2BB0950E00477AFE /* WeatherAppTests.swift in Sources */,
			);
			runOnlyForDeploymentPostprocessing = 0;
		};
		CF67E96B2BB0950E00477AFE /* Sources */ = {
			isa = PBXSourcesBuildPhase;
			buildActionMask = 2147483647;
			files = (
				CF67E9742BB0950E00477AFE /* WeatherAppUITests.swift in Sources */,
				CF67E9762BB0950E00477AFE /* WeatherAppUITestsLaunchTests.swift in Sources */,
			);
			runOnlyForDeploymentPostprocessing = 0;
		};
/* End PBXSourcesBuildPhase section */

/* Begin PBXTargetDependency section */
		CF67E9672BB0950E00477AFE /* PBXTargetDependency */ = {
			isa = PBXTargetDependency;
			target = CF67E9542BB0950C00477AFE /* WeatherApp */;
			targetProxy = CF67E9662BB0950E00477AFE /* PBXContainerItemProxy */;
		};
		CF67E9712BB0950E00477AFE /* PBXTargetDependency */ = {
			isa = PBXTargetDependency;
			target = CF67E9542BB0950C00477AFE /* WeatherApp */;
			targetProxy = CF67E9702BB0950E00477AFE /* PBXContainerItemProxy */;
		};
/* End PBXTargetDependency section */

/* Begin XCBuildConfiguration section */
		CF67E9772BB0950E00477AFE /* Debug */ = {
			isa = XCBuildConfiguration;
			buildSettings = {
				ALWAYS_SEARCH_USER_PATHS = NO;
				ASSETCATALOG_COMPILER_GENERATE_SWIFT_ASSET_SYMBOL_EXTENSIONS = YES;
				CLANG_ANALYZER_NONNULL = YES;
				CLANG_ANALYZER_NUMBER_OBJECT_CONVERSION = YES_AGGRESSIVE;
				CLANG_CXX_LANGUAGE_STANDARD = "gnu++20";
				CLANG_ENABLE_MODULES = YES;
				CLANG_ENABLE_OBJC_ARC = YES;
				CLANG_ENABLE_OBJC_WEAK = YES;
				CLANG_WARN_BLOCK_CAPTURE_AUTORELEASING = YES;
				CLANG_WARN_BOOL_CONVERSION = YES;
				CLANG_WARN_COMMA = YES;
				CLANG_WARN_CONSTANT_CONVERSION = YES;
				CLANG_WARN_DEPRECATED_OBJC_IMPLEMENTATIONS = YES;
				CLANG_WARN_DIRECT_OBJC_ISA_USAGE = YES_ERROR;
				CLANG_WARN_DOCUMENTATION_COMMENTS = YES;
				CLANG_WARN_EMPTY_BODY = YES;
				CLANG_WARN_ENUM_CONVERSION = YES;
				CLANG_WARN_INFINITE_RECURSION = YES;
				CLANG_WARN_INT_CONVERSION = YES;
				CLANG_WARN_NON_LITERAL_NULL_CONVERSION = YES;
				CLANG_WARN_OBJC_IMPLICIT_RETAIN_SELF = YES;
				CLANG_WARN_OBJC_LITERAL_CONVERSION = YES;
				CLANG_WARN_OBJC_ROOT_CLASS = YES_ERROR;
				CLANG_WARN_QUOTED_INCLUDE_IN_FRAMEWORK_HEADER = YES;
				CLANG_WARN_RANGE_LOOP_ANALYSIS = YES;
				CLANG_WARN_STRICT_PROTOTYPES = YES;
				CLANG_WARN_SUSPICIOUS_MOVE = YES;
				CLANG_WARN_UNGUARDED_AVAILABILITY = YES_AGGRESSIVE;
				CLANG_WARN_UNREACHABLE_CODE = YES;
				CLANG_WARN__DUPLICATE_METHOD_MATCH = YES;
				COPY_PHASE_STRIP = NO;
				DEBUG_INFORMATION_FORMAT = dwarf;
				ENABLE_STRICT_OBJC_MSGSEND = YES;
				ENABLE_TESTABILITY = YES;
				ENABLE_USER_SCRIPT_SANDBOXING = YES;
				GCC_C_LANGUAGE_STANDARD = gnu17;
				GCC_DYNAMIC_NO_PIC = NO;
				GCC_NO_COMMON_BLOCKS = YES;
				GCC_OPTIMIZATION_LEVEL = 0;
				GCC_PREPROCESSOR_DEFINITIONS = (
					"DEBUG=1",
					"$(inherited)",
				);
				GCC_WARN_64_TO_32_BIT_CONVERSION = YES;
				GCC_WARN_ABOUT_RETURN_TYPE = YES_ERROR;
				GCC_WARN_UNDECLARED_SELECTOR = YES;
				GCC_WARN_UNINITIALIZED_AUTOS = YES_AGGRESSIVE;
				GCC_WARN_UNUSED_FUNCTION = YES;
				GCC_WARN_UNUSED_VARIABLE = YES;
				IPHONEOS_DEPLOYMENT_TARGET = 17.4;
				LOCALIZATION_PREFERS_STRING_CATALOGS = YES;
				MTL_ENABLE_DEBUG_INFO = INCLUDE_SOURCE;
				MTL_FAST_MATH = YES;
				ONLY_ACTIVE_ARCH = YES;
				SDKROOT = iphoneos;
				SWIFT_ACTIVE_COMPILATION_CONDITIONS = "DEBUG $(inherited)";
				SWIFT_OPTIMIZATION_LEVEL = "-Onone";
			};
			name = Debug;
		};
		CF67E9782BB0950E00477AFE /* Release */ = {
			isa = XCBuildConfiguration;
			buildSettings = {
				ALWAYS_SEARCH_USER_PATHS = NO;
				ASSETCATALOG_COMPILER_GENERATE_SWIFT_ASSET_SYMBOL_EXTENSIONS = YES;
				CLANG_ANALYZER_NONNULL = YES;
				CLANG_ANALYZER_NUMBER_OBJECT_CONVERSION = YES_AGGRESSIVE;
				CLANG_CXX_LANGUAGE_STANDARD = "gnu++20";
				CLANG_ENABLE_MODULES = YES;
				CLANG_ENABLE_OBJC_ARC = YES;
				CLANG_ENABLE_OBJC_WEAK = YES;
				CLANG_WARN_BLOCK_CAPTURE_AUTORELEASING = YES;
				CLANG_WARN_BOOL_CONVERSION = YES;
				CLANG_WARN_COMMA = YES;
				CLANG_WARN_CONSTANT_CONVERSION = YES;
				CLANG_WARN_DEPRECATED_OBJC_IMPLEMENTATIONS = YES;
				CLANG_WARN_DIRECT_OBJC_ISA_USAGE = YES_ERROR;
				CLANG_WARN_DOCUMENTATION_COMMENTS = YES;
				CLANG_WARN_EMPTY_BODY = YES;
				CLANG_WARN_ENUM_CONVERSION = YES;
				CLANG_WARN_INFINITE_RECURSION = YES;
				CLANG_WARN_INT_CONVERSION = YES;
				CLANG_WARN_NON_LITERAL_NULL_CONVERSION = YES;
				CLANG_WARN_OBJC_IMPLICIT_RETAIN_SELF = YES;
				CLANG_WARN_OBJC_LITERAL_CONVERSION = YES;
				CLANG_WARN_OBJC_ROOT_CLASS = YES_ERROR;
				CLANG_WARN_QUOTED_INCLUDE_IN_FRAMEWORK_HEADER = YES;
				CLANG_WARN_RANGE_LOOP_ANALYSIS = YES;
				CLANG_WARN_STRICT_PROTOTYPES = YES;
				CLANG_WARN_SUSPICIOUS_MOVE = YES;
				CLANG_WARN_UNGUARDED_AVAILABILITY = YES_AGGRESSIVE;
				CLANG_WARN_UNREACHABLE_CODE = YES;
				CLANG_WARN__DUPLICATE_METHOD_MATCH = YES;
				COPY_PHASE_STRIP = NO;
				DEBUG_INFORMATION_FORMAT = "dwarf-with-dsym";
				ENABLE_NS_ASSERTIONS = NO;
				ENABLE_STRICT_OBJC_MSGSEND = YES;
				ENABLE_USER_SCRIPT_SANDBOXING = YES;
				GCC_C_LANGUAGE_STANDARD = gnu17;
				GCC_NO_COMMON_BLOCKS = YES;
				GCC_WARN_64_TO_32_BIT_CONVERSION = YES;
				GCC_WARN_ABOUT_RETURN_TYPE = YES_ERROR;
				GCC_WARN_UNDECLARED_SELECTOR = YES;
				GCC_WARN_UNINITIALIZED_AUTOS = YES_AGGRESSIVE;
				GCC_WARN_UNUSED_FUNCTION = YES;
				GCC_WARN_UNUSED_VARIABLE = YES;
				IPHONEOS_DEPLOYMENT_TARGET = 17.4;
				LOCALIZATION_PREFERS_STRING_CATALOGS = YES;
				MTL_ENABLE_DEBUG_INFO = NO;
				MTL_FAST_MATH = YES;
				SDKROOT = iphoneos;
				SWIFT_COMPILATION_MODE = wholemodule;
				VALIDATE_PRODUCT = YES;
			};
			name = Release;
		};
		CF67E97A2BB0950E00477AFE /* Debug */ = {
			isa = XCBuildConfiguration;
			buildSettings = {
				ASSETCATALOG_COMPILER_APPICON_NAME = AppIcon;
				ASSETCATALOG_COMPILER_GLOBAL_ACCENT_COLOR_NAME = AccentColor;
				CODE_SIGN_STYLE = Automatic;
				CURRENT_PROJECT_VERSION = 1;
				DEVELOPMENT_ASSET_PATHS = "\"WeatherApp/Preview Content\"";
				DEVELOPMENT_TEAM = Q37BG8SAW6;
				ENABLE_PREVIEWS = YES;
				GENERATE_INFOPLIST_FILE = YES;
				INFOPLIST_KEY_UIApplicationSceneManifest_Generation = YES;
				INFOPLIST_KEY_UIApplicationSupportsIndirectInputEvents = YES;
				INFOPLIST_KEY_UILaunchScreen_Generation = YES;
				INFOPLIST_KEY_UISupportedInterfaceOrientations_iPad = "UIInterfaceOrientationPortrait UIInterfaceOrientationPortraitUpsideDown UIInterfaceOrientationLandscapeLeft UIInterfaceOrientationLandscapeRight";
				INFOPLIST_KEY_UISupportedInterfaceOrientations_iPhone = "UIInterfaceOrientationPortrait UIInterfaceOrientationLandscapeLeft UIInterfaceOrientationLandscapeRight";
				IPHONEOS_DEPLOYMENT_TARGET = 15.0;
				LD_RUNPATH_SEARCH_PATHS = (
					"$(inherited)",
					"@executable_path/Frameworks",
				);
				MARKETING_VERSION = 1.0;
				PRODUCT_BUNDLE_IDENTIFIER = Personal.WeatherApp;
				PRODUCT_NAME = "$(TARGET_NAME)";
				SWIFT_EMIT_LOC_STRINGS = YES;
				SWIFT_VERSION = 5.0;
				TARGETED_DEVICE_FAMILY = "1,2";
			};
			name = Debug;
		};
		CF67E97B2BB0950E00477AFE /* Release */ = {
			isa = XCBuildConfiguration;
			buildSettings = {
				ASSETCATALOG_COMPILER_APPICON_NAME = AppIcon;
				ASSETCATALOG_COMPILER_GLOBAL_ACCENT_COLOR_NAME = AccentColor;
				CODE_SIGN_STYLE = Automatic;
				CURRENT_PROJECT_VERSION = 1;
				DEVELOPMENT_ASSET_PATHS = "\"WeatherApp/Preview Content\"";
				DEVELOPMENT_TEAM = Q37BG8SAW6;
				ENABLE_PREVIEWS = YES;
				GENERATE_INFOPLIST_FILE = YES;
				INFOPLIST_KEY_UIApplicationSceneManifest_Generation = YES;
				INFOPLIST_KEY_UIApplicationSupportsIndirectInputEvents = YES;
				INFOPLIST_KEY_UILaunchScreen_Generation = YES;
				INFOPLIST_KEY_UISupportedInterfaceOrientations_iPad = "UIInterfaceOrientationPortrait UIInterfaceOrientationPortraitUpsideDown UIInterfaceOrientationLandscapeLeft UIInterfaceOrientationLandscapeRight";
				INFOPLIST_KEY_UISupportedInterfaceOrientations_iPhone = "UIInterfaceOrientationPortrait UIInterfaceOrientationLandscapeLeft UIInterfaceOrientationLandscapeRight";
				IPHONEOS_DEPLOYMENT_TARGET = 15.0;
				LD_RUNPATH_SEARCH_PATHS = (
					"$(inherited)",
					"@executable_path/Frameworks",
				);
				MARKETING_VERSION = 1.0;
				PRODUCT_BUNDLE_IDENTIFIER = Personal.WeatherApp;
				PRODUCT_NAME = "$(TARGET_NAME)";
				SWIFT_EMIT_LOC_STRINGS = YES;
				SWIFT_VERSION = 5.0;
				TARGETED_DEVICE_FAMILY = "1,2";
			};
			name = Release;
		};
		CF67E97D2BB0950E00477AFE /* Debug */ = {
			isa = XCBuildConfiguration;
			buildSettings = {
				ALWAYS_EMBED_SWIFT_STANDARD_LIBRARIES = YES;
				BUNDLE_LOADER = "$(TEST_HOST)";
				CODE_SIGN_STYLE = Automatic;
				CURRENT_PROJECT_VERSION = 1;
				GENERATE_INFOPLIST_FILE = YES;
				IPHONEOS_DEPLOYMENT_TARGET = 17.4;
				MARKETING_VERSION = 1.0;
				PRODUCT_BUNDLE_IDENTIFIER = Personal.WeatherAppTests;
				PRODUCT_NAME = "$(TARGET_NAME)";
				SWIFT_EMIT_LOC_STRINGS = NO;
				SWIFT_VERSION = 5.0;
				TARGETED_DEVICE_FAMILY = "1,2";
				TEST_HOST = "$(BUILT_PRODUCTS_DIR)/WeatherApp.app/$(BUNDLE_EXECUTABLE_FOLDER_PATH)/WeatherApp";
			};
			name = Debug;
		};
		CF67E97E2BB0950E00477AFE /* Release */ = {
			isa = XCBuildConfiguration;
			buildSettings = {
				ALWAYS_EMBED_SWIFT_STANDARD_LIBRARIES = YES;
				BUNDLE_LOADER = "$(TEST_HOST)";
				CODE_SIGN_STYLE = Automatic;
				CURRENT_PROJECT_VERSION = 1;
				GENERATE_INFOPLIST_FILE = YES;
				IPHONEOS_DEPLOYMENT_TARGET = 17.4;
				MARKETING_VERSION = 1.0;
				PRODUCT_BUNDLE_IDENTIFIER = Personal.WeatherAppTests;
				PRODUCT_NAME = "$(TARGET_NAME)";
				SWIFT_EMIT_LOC_STRINGS = NO;
				SWIFT_VERSION = 5.0;
				TARGETED_DEVICE_FAMILY = "1,2";
				TEST_HOST = "$(BUILT_PRODUCTS_DIR)/WeatherApp.app/$(BUNDLE_EXECUTABLE_FOLDER_PATH)/WeatherApp";
			};
			name = Release;
		};
		CF67E9802BB0950E00477AFE /* Debug */ = {
			isa = XCBuildConfiguration;
			buildSettings = {
				ALWAYS_EMBED_SWIFT_STANDARD_LIBRARIES = YES;
				CODE_SIGN_STYLE = Automatic;
				CURRENT_PROJECT_VERSION = 1;
				GENERATE_INFOPLIST_FILE = YES;
				MARKETING_VERSION = 1.0;
				PRODUCT_BUNDLE_IDENTIFIER = Personal.WeatherAppUITests;
				PRODUCT_NAME = "$(TARGET_NAME)";
				SWIFT_EMIT_LOC_STRINGS = NO;
				SWIFT_VERSION = 5.0;
				TARGETED_DEVICE_FAMILY = "1,2";
				TEST_TARGET_NAME = WeatherApp;
			};
			name = Debug;
		};
		CF67E9812BB0950E00477AFE /* Release */ = {
			isa = XCBuildConfiguration;
			buildSettings = {
				ALWAYS_EMBED_SWIFT_STANDARD_LIBRARIES = YES;
				CODE_SIGN_STYLE = Automatic;
				CURRENT_PROJECT_VERSION = 1;
				GENERATE_INFOPLIST_FILE = YES;
				MARKETING_VERSION = 1.0;
				PRODUCT_BUNDLE_IDENTIFIER = Personal.WeatherAppUITests;
				PRODUCT_NAME = "$(TARGET_NAME)";
				SWIFT_EMIT_LOC_STRINGS = NO;
				SWIFT_VERSION = 5.0;
				TARGETED_DEVICE_FAMILY = "1,2";
				TEST_TARGET_NAME = WeatherApp;
			};
			name = Release;
		};
/* End XCBuildConfiguration section */

/* Begin XCConfigurationList section */
		CF67E9502BB0950C00477AFE /* Build configuration list for PBXProject "WeatherApp" */ = {
			isa = XCConfigurationList;
			buildConfigurations = (
				CF67E9772BB0950E00477AFE /* Debug */,
				CF67E9782BB0950E00477AFE /* Release */,
			);
			defaultConfigurationIsVisible = 0;
			defaultConfigurationName = Release;
		};
		CF67E9792BB0950E00477AFE /* Build configuration list for PBXNativeTarget "WeatherApp" */ = {
			isa = XCConfigurationList;
			buildConfigurations = (
				CF67E97A2BB0950E00477AFE /* Debug */,
				CF67E97B2BB0950E00477AFE /* Release */,
			);
			defaultConfigurationIsVisible = 0;
			defaultConfigurationName = Release;
		};
		CF67E97C2BB0950E00477AFE /* Build configuration list for PBXNativeTarget "WeatherAppTests" */ = {
			isa = XCConfigurationList;
			buildConfigurations = (
				CF67E97D2BB0950E00477AFE /* Debug */,
				CF67E97E2BB0950E00477AFE /* Release */,
			);
			defaultConfigurationIsVisible = 0;
			defaultConfigurationName = Release;
		};
		CF67E97F2BB0950E00477AFE /* Build configuration list for PBXNativeTarget "WeatherAppUITests" */ = {
			isa = XCConfigurationList;
			buildConfigurations = (
				CF67E9802BB0950E00477AFE /* Debug */,
				CF67E9812BB0950E00477AFE /* Release */,
			);
			defaultConfigurationIsVisible = 0;
			defaultConfigurationName = Release;
		};
/* End XCConfigurationList section */
	};
	rootObject = CF67E94D2BB0950C00477AFE /* Project object */;
}
